
Microsoft Visual Studio Solution File, Format Version 12.00
# Visual Studio 2012
Project("{FAE04EC0-301F-11D3-BF4B-00C04F79EFBC}") = "Encrytor 1.0", "Encrytor 1.0\Encrytor 1.0.csproj", "{2125D345-F316-4C22-8173-AF99255F2439}"
EndProject
Global
	GlobalSection(SolutionConfigurationPlatforms) = preSolution
		Debug|Any CPU = Debug|Any CPU
		Release|Any CPU = Release|Any CPU
	EndGlobalSection
	GlobalSection(ProjectConfigurationPlatforms) = postSolution
		{2125D345-F316-4C22-8173-AF99255F2439}.Debug|Any CPU.ActiveCfg = Debug|Any CPU
		{2125D345-F316-4C22-8173-AF99255F2439}.Debug|Any CPU.Build.0 = Debug|Any CPU
		{2125D345-F316-4C22-8173-AF99255F2439}.Release|Any CPU.ActiveCfg = Release|Any CPU
		{2125D345-F316-4C22-8173-AF99255F2439}.Release|Any CPU.Build.0 = Release|Any CPU
	EndGlobalSection
	GlobalSection(SolutionProperties) = preSolution
		HideSolutionNode = FALSE
	EndGlobalSection
EndGlobal
